// !$*UTF8*$!
{
	archiveVersion = 1;
	classes = {
	};
	objectVersion = 50;
	objects = {

/* Begin PBXBuildFile section */
		F558C83822F2DC3100CCE90F /* MealTableViewController.swift in Sources */ = {isa = PBXBuildFile; fileRef = F558C83722F2DC3100CCE90F /* MealTableViewController.swift */; };
		F5675B1C22EAFACC0050D58C /* RatingControl.swift in Sources */ = {isa = PBXBuildFile; fileRef = F5675B1B22EAFACC0050D58C /* RatingControl.swift */; };
		F575555C22E74BF700BFB456 /* AppDelegate.swift in Sources */ = {isa = PBXBuildFile; fileRef = F575555B22E74BF700BFB456 /* AppDelegate.swift */; };
		F575555E22E74BF700BFB456 /* MealViewController.swift in Sources */ = {isa = PBXBuildFile; fileRef = F575555D22E74BF700BFB456 /* MealViewController.swift */; };
		F575556122E74BF700BFB456 /* Main.storyboard in Resources */ = {isa = PBXBuildFile; fileRef = F575555F22E74BF700BFB456 /* Main.storyboard */; };
		F575556322E74BF800BFB456 /* Assets.xcassets in Resources */ = {isa = PBXBuildFile; fileRef = F575556222E74BF800BFB456 /* Assets.xcassets */; };
		F575556622E74BF800BFB456 /* LaunchScreen.storyboard in Resources */ = {isa = PBXBuildFile; fileRef = F575556422E74BF800BFB456 /* LaunchScreen.storyboard */; };
		F575557122E74BF900BFB456 /* FoodTrackerTests.swift in Sources */ = {isa = PBXBuildFile; fileRef = F575557022E74BF900BFB456 /* FoodTrackerTests.swift */; };
		F575557C22E74BF900BFB456 /* FoodTrackerUITests.swift in Sources */ = {isa = PBXBuildFile; fileRef = F575557B22E74BF900BFB456 /* FoodTrackerUITests.swift */; };
		F589767722F043D90093DA87 /* Meal.swift in Sources */ = {isa = PBXBuildFile; fileRef = F589767622F043D90093DA87 /* Meal.swift */; };
		F589767922F2CFB70093DA87 /* MealTableViewCell.swift in Sources */ = {isa = PBXBuildFile; fileRef = F589767822F2CFB70093DA87 /* MealTableViewCell.swift */; };
/* End PBXBuildFile section */

/* Begin PBXContainerItemProxy section */
		F575556D22E74BF900BFB456 /* PBXContainerItemProxy */ = {
			isa = PBXContainerItemProxy;
			containerPortal = F575555022E74BF700BFB456 /* Project object */;
			proxyType = 1;
			remoteGlobalIDString = F575555722E74BF700BFB456;
			remoteInfo = FoodTracker;
		};
		F575557822E74BF900BFB456 /* PBXContainerItemProxy */ = {
			isa = PBXContainerItemProxy;
			containerPortal = F575555022E74BF700BFB456 /* Project object */;
			proxyType = 1;
			remoteGlobalIDString = F575555722E74BF700BFB456;
			remoteInfo = FoodTracker;
		};
/* End PBXContainerItemProxy section */

/* Begin PBXFileReference section */
		F558C83722F2DC3100CCE90F /* MealTableViewController.swift */ = {isa = PBXFileReference; lastKnownFileType = sourcecode.swift; path = MealTableViewController.swift; sourceTree = "<group>"; };
		F5675B1B22EAFACC0050D58C /* RatingControl.swift */ = {isa = PBXFileReference; lastKnownFileType = sourcecode.swift; path = RatingControl.swift; sourceTree = "<group>"; };
		F575555822E74BF700BFB456 /* FoodTracker.app */ = {isa = PBXFileReference; explicitFileType = wrapper.application; includeInIndex = 0; path = FoodTracker.app; sourceTree = BUILT_PRODUCTS_DIR; };
		F575555B22E74BF700BFB456 /* AppDelegate.swift */ = {isa = PBXFileReference; lastKnownFileType = sourcecode.swift; path = AppDelegate.swift; sourceTree = "<group>"; };
		F575555D22E74BF700BFB456 /* MealViewController.swift */ = {isa = PBXFileReference; lastKnownFileType = sourcecode.swift; path = MealViewController.swift; sourceTree = "<group>"; };
		F575556022E74BF700BFB456 /* Base */ = {isa = PBXFileReference; lastKnownFileType = file.storyboard; name = Base; path = Base.lproj/Main.storyboard; sourceTree = "<group>"; };
		F575556222E74BF800BFB456 /* Assets.xcassets */ = {isa = PBXFileReference; lastKnownFileType = folder.assetcatalog; path = Assets.xcassets; sourceTree = "<group>"; };
		F575556522E74BF800BFB456 /* Base */ = {isa = PBXFileReference; lastKnownFileType = file.storyboard; name = Base; path = Base.lproj/LaunchScreen.storyboard; sourceTree = "<group>"; };
		F575556722E74BF800BFB456 /* Info.plist */ = {isa = PBXFileReference; lastKnownFileType = text.plist.xml; path = Info.plist; sourceTree = "<group>"; };
		F575556C22E74BF900BFB456 /* FoodTrackerTests.xctest */ = {isa = PBXFileReference; explicitFileType = wrapper.cfbundle; includeInIndex = 0; path = FoodTrackerTests.xctest; sourceTree = BUILT_PRODUCTS_DIR; };
		F575557022E74BF900BFB456 /* FoodTrackerTests.swift */ = {isa = PBXFileReference; lastKnownFileType = sourcecode.swift; path = FoodTrackerTests.swift; sourceTree = "<group>"; };
		F575557222E74BF900BFB456 /* Info.plist */ = {isa = PBXFileReference; lastKnownFileType = text.plist.xml; path = Info.plist; sourceTree = "<group>"; };
		F575557722E74BF900BFB456 /* FoodTrackerUITests.xctest */ = {isa = PBXFileReference; explicitFileType = wrapper.cfbundle; includeInIndex = 0; path = FoodTrackerUITests.xctest; sourceTree = BUILT_PRODUCTS_DIR; };
		F575557B22E74BF900BFB456 /* FoodTrackerUITests.swift */ = {isa = PBXFileReference; lastKnownFileType = sourcecode.swift; path = FoodTrackerUITests.swift; sourceTree = "<group>"; };
		F575557D22E74BF900BFB456 /* Info.plist */ = {isa = PBXFileReference; lastKnownFileType = text.plist.xml; path = Info.plist; sourceTree = "<group>"; };
		F575558922E756C600BFB456 /* README.md */ = {isa = PBXFileReference; lastKnownFileType = net.daringfireball.markdown; path = README.md; sourceTree = "<group>"; };
		F589767622F043D90093DA87 /* Meal.swift */ = {isa = PBXFileReference; lastKnownFileType = sourcecode.swift; path = Meal.swift; sourceTree = "<group>"; };
		F589767822F2CFB70093DA87 /* MealTableViewCell.swift */ = {isa = PBXFileReference; lastKnownFileType = sourcecode.swift; path = MealTableViewCell.swift; sourceTree = "<group>"; };
/* End PBXFileReference section */

/* Begin PBXFrameworksBuildPhase section */
		F575555522E74BF700BFB456 /* Frameworks */ = {
			isa = PBXFrameworksBuildPhase;
			buildActionMask = 2147483647;
			files = (
			);
			runOnlyForDeploymentPostprocessing = 0;
		};
		F575556922E74BF900BFB456 /* Frameworks */ = {
			isa = PBXFrameworksBuildPhase;
			buildActionMask = 2147483647;
			files = (
			);
			runOnlyForDeploymentPostprocessing = 0;
		};
		F575557422E74BF900BFB456 /* Frameworks */ = {
			isa = PBXFrameworksBuildPhase;
			buildActionMask = 2147483647;
			files = (
			);
			runOnlyForDeploymentPostprocessing = 0;
		};
/* End PBXFrameworksBuildPhase section */

/* Begin PBXGroup section */
		F575554F22E74BF700BFB456 = {
			isa = PBXGroup;
			children = (
				F575558922E756C600BFB456 /* README.md */,
				F575555A22E74BF700BFB456 /* FoodTracker */,
				F575556F22E74BF900BFB456 /* FoodTrackerTests */,
				F575557A22E74BF900BFB456 /* FoodTrackerUITests */,
				F575555922E74BF700BFB456 /* Products */,
			);
			sourceTree = "<group>";
		};
		F575555922E74BF700BFB456 /* Products */ = {
			isa = PBXGroup;
			children = (
				F575555822E74BF700BFB456 /* FoodTracker.app */,
				F575556C22E74BF900BFB456 /* FoodTrackerTests.xctest */,
				F575557722E74BF900BFB456 /* FoodTrackerUITests.xctest */,
			);
			name = Products;
			sourceTree = "<group>";
		};
		F575555A22E74BF700BFB456 /* FoodTracker */ = {
			isa = PBXGroup;
			children = (
				F589767622F043D90093DA87 /* Meal.swift */,
				F575555B22E74BF700BFB456 /* AppDelegate.swift */,
				F575555D22E74BF700BFB456 /* MealViewController.swift */,
				F5675B1B22EAFACC0050D58C /* RatingControl.swift */,
				F575555F22E74BF700BFB456 /* Main.storyboard */,
				F558C83722F2DC3100CCE90F /* MealTableViewController.swift */,
				F575556222E74BF800BFB456 /* Assets.xcassets */,
				F575556422E74BF800BFB456 /* LaunchScreen.storyboard */,
				F575556722E74BF800BFB456 /* Info.plist */,
				F589767822F2CFB70093DA87 /* MealTableViewCell.swift */,
			);
			path = FoodTracker;
			sourceTree = "<group>";
		};
		F575556F22E74BF900BFB456 /* FoodTrackerTests */ = {
			isa = PBXGroup;
			children = (
				F575557022E74BF900BFB456 /* FoodTrackerTests.swift */,
				F575557222E74BF900BFB456 /* Info.plist */,
			);
			path = FoodTrackerTests;
			sourceTree = "<group>";
		};
		F575557A22E74BF900BFB456 /* FoodTrackerUITests */ = {
			isa = PBXGroup;
			children = (
				F575557B22E74BF900BFB456 /* FoodTrackerUITests.swift */,
				F575557D22E74BF900BFB456 /* Info.plist */,
			);
			path = FoodTrackerUITests;
			sourceTree = "<group>";
		};
/* End PBXGroup section */

/* Begin PBXNativeTarget section */
		F575555722E74BF700BFB456 /* FoodTracker */ = {
			isa = PBXNativeTarget;
			buildConfigurationList = F575558022E74BF900BFB456 /* Build configuration list for PBXNativeTarget "FoodTracker" */;
			buildPhases = (
				F575555422E74BF700BFB456 /* Sources */,
				F575555522E74BF700BFB456 /* Frameworks */,
				F575555622E74BF700BFB456 /* Resources */,
			);
			buildRules = (
			);
			dependencies = (
			);
			name = FoodTracker;
			productName = FoodTracker;
			productReference = F575555822E74BF700BFB456 /* FoodTracker.app */;
			productType = "com.apple.product-type.application";
		};
		F575556B22E74BF900BFB456 /* FoodTrackerTests */ = {
			isa = PBXNativeTarget;
			buildConfigurationList = F575558322E74BF900BFB456 /* Build configuration list for PBXNativeTarget "FoodTrackerTests" */;
			buildPhases = (
				F575556822E74BF900BFB456 /* Sources */,
				F575556922E74BF900BFB456 /* Frameworks */,
				F575556A22E74BF900BFB456 /* Resources */,
			);
			buildRules = (
			);
			dependencies = (
				F575556E22E74BF900BFB456 /* PBXTargetDependency */,
			);
			name = FoodTrackerTests;
			productName = FoodTrackerTests;
			productReference = F575556C22E74BF900BFB456 /* FoodTrackerTests.xctest */;
			productType = "com.apple.product-type.bundle.unit-test";
		};
		F575557622E74BF900BFB456 /* FoodTrackerUITests */ = {
			isa = PBXNativeTarget;
			buildConfigurationList = F575558622E74BF900BFB456 /* Build configuration list for PBXNativeTarget "FoodTrackerUITests" */;
			buildPhases = (
				F575557322E74BF900BFB456 /* Sources */,
				F575557422E74BF900BFB456 /* Frameworks */,
				F575557522E74BF900BFB456 /* Resources */,
			);
			buildRules = (
			);
			dependencies = (
				F575557922E74BF900BFB456 /* PBXTargetDependency */,
			);
			name = FoodTrackerUITests;
			productName = FoodTrackerUITests;
			productReference = F575557722E74BF900BFB456 /* FoodTrackerUITests.xctest */;
			productType = "com.apple.product-type.bundle.ui-testing";
		};
/* End PBXNativeTarget section */

/* Begin PBXProject section */
		F575555022E74BF700BFB456 /* Project object */ = {
			isa = PBXProject;
			attributes = {
				LastSwiftUpdateCheck = 1020;
				LastUpgradeCheck = 1020;
				ORGANIZATIONNAME = Jalan_Jiang;
				TargetAttributes = {
					F575555722E74BF700BFB456 = {
						CreatedOnToolsVersion = 10.2.1;
					};
					F575556B22E74BF900BFB456 = {
						CreatedOnToolsVersion = 10.2.1;
						TestTargetID = F575555722E74BF700BFB456;
					};
					F575557622E74BF900BFB456 = {
						CreatedOnToolsVersion = 10.2.1;
						TestTargetID = F575555722E74BF700BFB456;
					};
				};
			};
			buildConfigurationList = F575555322E74BF700BFB456 /* Build configuration list for PBXProject "FoodTracker" */;
			compatibilityVersion = "Xcode 9.3";
			developmentRegion = en;
			hasScannedForEncodings = 0;
			knownRegions = (
				en,
				Base,
			);
			mainGroup = F575554F22E74BF700BFB456;
			productRefGroup = F575555922E74BF700BFB456 /* Products */;
			projectDirPath = "";
			projectRoot = "";
			targets = (
				F575555722E74BF700BFB456 /* FoodTracker */,
				F575556B22E74BF900BFB456 /* FoodTrackerTests */,
				F575557622E74BF900BFB456 /* FoodTrackerUITests */,
			);
		};
/* End PBXProject section */

/* Begin PBXResourcesBuildPhase section */
		F575555622E74BF700BFB456 /* Resources */ = {
			isa = PBXResourcesBuildPhase;
			buildActionMask = 2147483647;
			files = (
				F575556622E74BF800BFB456 /* LaunchScreen.storyboard in Resources */,
				F575556322E74BF800BFB456 /* Assets.xcassets in Resources */,
				F575556122E74BF700BFB456 /* Main.storyboard in Resources */,
			);
			runOnlyForDeploymentPostprocessing = 0;
		};
		F575556A22E74BF900BFB456 /* Resources */ = {
			isa = PBXResourcesBuildPhase;
			buildActionMask = 2147483647;
			files = (
			);
			runOnlyForDeploymentPostprocessing = 0;
		};
		F575557522E74BF900BFB456 /* Resources */ = {
			isa = PBXResourcesBuildPhase;
			buildActionMask = 2147483647;
			files = (
			);
			runOnlyForDeploymentPostprocessing = 0;
		};
/* End PBXResourcesBuildPhase section */

/* Begin PBXSourcesBuildPhase section */
		F575555422E74BF700BFB456 /* Sources */ = {
			isa = PBXSourcesBuildPhase;
			buildActionMask = 2147483647;
			files = (
				F589767722F043D90093DA87 /* Meal.swift in Sources */,
				F575555E22E74BF700BFB456 /* MealViewController.swift in Sources */,
				F5675B1C22EAFACC0050D58C /* RatingControl.swift in Sources */,
				F575555C22E74BF700BFB456 /* AppDelegate.swift in Sources */,
				F558C83822F2DC3100CCE90F /* MealTableViewController.swift in Sources */,
				F589767922F2CFB70093DA87 /* MealTableViewCell.swift in Sources */,
			);
			runOnlyForDeploymentPostprocessing = 0;
		};
		F575556822E74BF900BFB456 /* Sources */ = {
			isa = PBXSourcesBuildPhase;
			buildActionMask = 2147483647;
			files = (
				F575557122E74BF900BFB456 /* FoodTrackerTests.swift in Sources */,
			);
			runOnlyForDeploymentPostprocessing = 0;
		};
		F575557322E74BF900BFB456 /* Sources */ = {
			isa = PBXSourcesBuildPhase;
			buildActionMask = 2147483647;
			files = (
				F575557C22E74BF900BFB456 /* FoodTrackerUITests.swift in Sources */,
			);
			runOnlyForDeploymentPostprocessing = 0;
		};
/* End PBXSourcesBuildPhase section */

/* Begin PBXTargetDependency section */
		F575556E22E74BF900BFB456 /* PBXTargetDependency */ = {
			isa = PBXTargetDependency;
			target = F575555722E74BF700BFB456 /* FoodTracker */;
			targetProxy = F575556D22E74BF900BFB456 /* PBXContainerItemProxy */;
		};
		F575557922E74BF900BFB456 /* PBXTargetDependency */ = {
			isa = PBXTargetDependency;
			target = F575555722E74BF700BFB456 /* FoodTracker */;
			targetProxy = F575557822E74BF900BFB456 /* PBXContainerItemProxy */;
		};
/* End PBXTargetDependency section */

/* Begin PBXVariantGroup section */
		F575555F22E74BF700BFB456 /* Main.storyboard */ = {
			isa = PBXVariantGroup;
			children = (
				F575556022E74BF700BFB456 /* Base */,
			);
			name = Main.storyboard;
			sourceTree = "<group>";
		};
		F575556422E74BF800BFB456 /* LaunchScreen.storyboard */ = {
			isa = PBXVariantGroup;
			children = (
				F575556522E74BF800BFB456 /* Base */,
			);
			name = LaunchScreen.storyboard;
			sourceTree = "<group>";
		};
/* End PBXVariantGroup section */

/* Begin XCBuildConfiguration section */
		F575557E22E74BF900BFB456 /* Debug */ = {
			isa = XCBuildConfiguration;
			buildSettings = {
				ALWAYS_SEARCH_USER_PATHS = NO;
				CLANG_ANALYZER_NONNULL = YES;
				CLANG_ANALYZER_NUMBER_OBJECT_CONVERSION = YES_AGGRESSIVE;
				CLANG_CXX_LANGUAGE_STANDARD = "gnu++14";
				CLANG_CXX_LIBRARY = "libc++";
				CLANG_ENABLE_MODULES = YES;
				CLANG_ENABLE_OBJC_ARC = YES;
				CLANG_ENABLE_OBJC_WEAK = YES;
				CLANG_WARN_BLOCK_CAPTURE_AUTORELEASING = YES;
				CLANG_WARN_BOOL_CONVERSION = YES;
				CLANG_WARN_COMMA = YES;
				CLANG_WARN_CONSTANT_CONVERSION = YES;
				CLANG_WARN_DEPRECATED_OBJC_IMPLEMENTATIONS = YES;
				CLANG_WARN_DIRECT_OBJC_ISA_USAGE = YES_ERROR;
				CLANG_WARN_DOCUMENTATION_COMMENTS = YES;
				CLANG_WARN_EMPTY_BODY = YES;
				CLANG_WARN_ENUM_CONVERSION = YES;
				CLANG_WARN_INFINITE_RECURSION = YES;
				CLANG_WARN_INT_CONVERSION = YES;
				CLANG_WARN_NON_LITERAL_NULL_CONVERSION = YES;
				CLANG_WARN_OBJC_IMPLICIT_RETAIN_SELF = YES;
				CLANG_WARN_OBJC_LITERAL_CONVERSION = YES;
				CLANG_WARN_OBJC_ROOT_CLASS = YES_ERROR;
				CLANG_WARN_RANGE_LOOP_ANALYSIS = YES;
				CLANG_WARN_STRICT_PROTOTYPES = YES;
				CLANG_WARN_SUSPICIOUS_MOVE = YES;
				CLANG_WARN_UNGUARDED_AVAILABILITY = YES_AGGRESSIVE;
				CLANG_WARN_UNREACHABLE_CODE = YES;
				CLANG_WARN__DUPLICATE_METHOD_MATCH = YES;
				CODE_SIGN_IDENTITY = "iPhone Developer";
				COPY_PHASE_STRIP = NO;
				DEBUG_INFORMATION_FORMAT = dwarf;
				ENABLE_STRICT_OBJC_MSGSEND = YES;
				ENABLE_TESTABILITY = YES;
				GCC_C_LANGUAGE_STANDARD = gnu11;
				GCC_DYNAMIC_NO_PIC = NO;
				GCC_NO_COMMON_BLOCKS = YES;
				GCC_OPTIMIZATION_LEVEL = 0;
				GCC_PREPROCESSOR_DEFINITIONS = (
					"DEBUG=1",
					"$(inherited)",
				);
				GCC_WARN_64_TO_32_BIT_CONVERSION = YES;
				GCC_WARN_ABOUT_RETURN_TYPE = YES_ERROR;
				GCC_WARN_UNDECLARED_SELECTOR = YES;
				GCC_WARN_UNINITIALIZED_AUTOS = YES_AGGRESSIVE;
				GCC_WARN_UNUSED_FUNCTION = YES;
				GCC_WARN_UNUSED_VARIABLE = YES;
				IPHONEOS_DEPLOYMENT_TARGET = 12.2;
				MTL_ENABLE_DEBUG_INFO = INCLUDE_SOURCE;
				MTL_FAST_MATH = YES;
				ONLY_ACTIVE_ARCH = YES;
				SDKROOT = iphoneos;
				SWIFT_ACTIVE_COMPILATION_CONDITIONS = DEBUG;
				SWIFT_OPTIMIZATION_LEVEL = "-Onone";
			};
			name = Debug;
		};
		F575557F22E74BF900BFB456 /* Release */ = {
			isa = XCBuildConfiguration;
			buildSettings = {
				ALWAYS_SEARCH_USER_PATHS = NO;
				CLANG_ANALYZER_NONNULL = YES;
				CLANG_ANALYZER_NUMBER_OBJECT_CONVERSION = YES_AGGRESSIVE;
				CLANG_CXX_LANGUAGE_STANDARD = "gnu++14";
				CLANG_CXX_LIBRARY = "libc++";
				CLANG_ENABLE_MODULES = YES;
				CLANG_ENABLE_OBJC_ARC = YES;
				CLANG_ENABLE_OBJC_WEAK = YES;
				CLANG_WARN_BLOCK_CAPTURE_AUTORELEASING = YES;
				CLANG_WARN_BOOL_CONVERSION = YES;
				CLANG_WARN_COMMA = YES;
				CLANG_WARN_CONSTANT_CONVERSION = YES;
				CLANG_WARN_DEPRECATED_OBJC_IMPLEMENTATIONS = YES;
				CLANG_WARN_DIRECT_OBJC_ISA_USAGE = YES_ERROR;
				CLANG_WARN_DOCUMENTATION_COMMENTS = YES;
				CLANG_WARN_EMPTY_BODY = YES;
				CLANG_WARN_ENUM_CONVERSION = YES;
				CLANG_WARN_INFINITE_RECURSION = YES;
				CLANG_WARN_INT_CONVERSION = YES;
				CLANG_WARN_NON_LITERAL_NULL_CONVERSION = YES;
				CLANG_WARN_OBJC_IMPLICIT_RETAIN_SELF = YES;
				CLANG_WARN_OBJC_LITERAL_CONVERSION = YES;
				CLANG_WARN_OBJC_ROOT_CLASS = YES_ERROR;
				CLANG_WARN_RANGE_LOOP_ANALYSIS = YES;
				CLANG_WARN_STRICT_PROTOTYPES = YES;
				CLANG_WARN_SUSPICIOUS_MOVE = YES;
				CLANG_WARN_UNGUARDED_AVAILABILITY = YES_AGGRESSIVE;
				CLANG_WARN_UNREACHABLE_CODE = YES;
				CLANG_WARN__DUPLICATE_METHOD_MATCH = YES;
				CODE_SIGN_IDENTITY = "iPhone Developer";
				COPY_PHASE_STRIP = NO;
				DEBUG_INFORMATION_FORMAT = "dwarf-with-dsym";
				ENABLE_NS_ASSERTIONS = NO;
				ENABLE_STRICT_OBJC_MSGSEND = YES;
				GCC_C_LANGUAGE_STANDARD = gnu11;
				GCC_NO_COMMON_BLOCKS = YES;
				GCC_WARN_64_TO_32_BIT_CONVERSION = YES;
				GCC_WARN_ABOUT_RETURN_TYPE = YES_ERROR;
				GCC_WARN_UNDECLARED_SELECTOR = YES;
				GCC_WARN_UNINITIALIZED_AUTOS = YES_AGGRESSIVE;
				GCC_WARN_UNUSED_FUNCTION = YES;
				GCC_WARN_UNUSED_VARIABLE = YES;
				IPHONEOS_DEPLOYMENT_TARGET = 12.2;
				MTL_ENABLE_DEBUG_INFO = NO;
				MTL_FAST_MATH = YES;
				SDKROOT = iphoneos;
				SWIFT_COMPILATION_MODE = wholemodule;
				SWIFT_OPTIMIZATION_LEVEL = "-O";
				VALIDATE_PRODUCT = YES;
			};
			name = Release;
		};
		F575558122E74BF900BFB456 /* Debug */ = {
			isa = XCBuildConfiguration;
			buildSettings = {
				ASSETCATALOG_COMPILER_APPICON_NAME = AppIcon;
				CODE_SIGN_STYLE = Automatic;
				INFOPLIST_FILE = FoodTracker/Info.plist;
				LD_RUNPATH_SEARCH_PATHS = (
					"$(inherited)",
					"@executable_path/Frameworks",
				);
				PRODUCT_BUNDLE_IDENTIFIER = GGGanon.FoodTracker;
				PRODUCT_NAME = "$(TARGET_NAME)";
				SWIFT_VERSION = 5.0;
				TARGETED_DEVICE_FAMILY = "1,2";
			};
			name = Debug;
		};
		F575558222E74BF900BFB456 /* Release */ = {
			isa = XCBuildConfiguration;
			buildSettings = {
				ASSETCATALOG_COMPILER_APPICON_NAME = AppIcon;
				CODE_SIGN_STYLE = Automatic;
				INFOPLIST_FILE = FoodTracker/Info.plist;
				LD_RUNPATH_SEARCH_PATHS = (
					"$(inherited)",
					"@executable_path/Frameworks",
				);
				PRODUCT_BUNDLE_IDENTIFIER = GGGanon.FoodTracker;
				PRODUCT_NAME = "$(TARGET_NAME)";
				SWIFT_VERSION = 5.0;
				TARGETED_DEVICE_FAMILY = "1,2";
			};
			name = Release;
		};
		F575558422E74BF900BFB456 /* Debug */ = {
			isa = XCBuildConfiguration;
			buildSettings = {
				ALWAYS_EMBED_SWIFT_STANDARD_LIBRARIES = YES;
				BUNDLE_LOADER = "$(TEST_HOST)";
				CODE_SIGN_STYLE = Automatic;
				INFOPLIST_FILE = FoodTrackerTests/Info.plist;
				LD_RUNPATH_SEARCH_PATHS = (
					"$(inherited)",
					"@executable_path/Frameworks",
					"@loader_path/Frameworks",
				);
				PRODUCT_BUNDLE_IDENTIFIER = GGGanon.FoodTrackerTests;
				PRODUCT_NAME = "$(TARGET_NAME)";
				SWIFT_VERSION = 5.0;
				TARGETED_DEVICE_FAMILY = "1,2";
				TEST_HOST = "$(BUILT_PRODUCTS_DIR)/FoodTracker.app/FoodTracker";
			};
			name = Debug;
		};
		F575558522E74BF900BFB456 /* Release */ = {
			isa = XCBuildConfiguration;
			buildSettings = {
				ALWAYS_EMBED_SWIFT_STANDARD_LIBRARIES = YES;
				BUNDLE_LOADER = "$(TEST_HOST)";
				CODE_SIGN_STYLE = Automatic;
				INFOPLIST_FILE = FoodTrackerTests/Info.plist;
				LD_RUNPATH_SEARCH_PATHS = (
					"$(inherited)",
					"@executable_path/Frameworks",
					"@loader_path/Frameworks",
				);
				PRODUCT_BUNDLE_IDENTIFIER = GGGanon.FoodTrackerTests;
				PRODUCT_NAME = "$(TARGET_NAME)";
				SWIFT_VERSION = 5.0;
				TARGETED_DEVICE_FAMILY = "1,2";
				TEST_HOST = "$(BUILT_PRODUCTS_DIR)/FoodTracker.app/FoodTracker";
			};
			name = Release;
		};
		F575558722E74BF900BFB456 /* Debug */ = {
			isa = XCBuildConfiguration;
			buildSettings = {
				ALWAYS_EMBED_SWIFT_STANDARD_LIBRARIES = YES;
				CODE_SIGN_STYLE = Automatic;
				INFOPLIST_FILE = FoodTrackerUITests/Info.plist;
				LD_RUNPATH_SEARCH_PATHS = (
					"$(inherited)",
					"@executable_path/Frameworks",
					"@loader_path/Frameworks",
				);
				PRODUCT_BUNDLE_IDENTIFIER = GGGanon.FoodTrackerUITests;
				PRODUCT_NAME = "$(TARGET_NAME)";
				SWIFT_VERSION = 5.0;
				TARGETED_DEVICE_FAMILY = "1,2";
				TEST_TARGET_NAME = FoodTracker;
			};
			name = Debug;
		};
		F575558822E74BF900BFB456 /* Release */ = {
			isa = XCBuildConfiguration;
			buildSettings = {
				ALWAYS_EMBED_SWIFT_STANDARD_LIBRARIES = YES;
				CODE_SIGN_STYLE = Automatic;
				INFOPLIST_FILE = FoodTrackerUITests/Info.plist;
				LD_RUNPATH_SEARCH_PATHS = (
					"$(inherited)",
					"@executable_path/Frameworks",
					"@loader_path/Frameworks",
				);
				PRODUCT_BUNDLE_IDENTIFIER = GGGanon.FoodTrackerUITests;
				PRODUCT_NAME = "$(TARGET_NAME)";
				SWIFT_VERSION = 5.0;
				TARGETED_DEVICE_FAMILY = "1,2";
				TEST_TARGET_NAME = FoodTracker;
			};
			name = Release;
		};
/* End XCBuildConfiguration section */

/* Begin XCConfigurationList section */
		F575555322E74BF700BFB456 /* Build configuration list for PBXProject "FoodTracker" */ = {
			isa = XCConfigurationList;
			buildConfigurations = (
				F575557E22E74BF900BFB456 /* Debug */,
				F575557F22E74BF900BFB456 /* Release */,
			);
			defaultConfigurationIsVisible = 0;
			defaultConfigurationName = Release;
		};
		F575558022E74BF900BFB456 /* Build configuration list for PBXNativeTarget "FoodTracker" */ = {
			isa = XCConfigurationList;
			buildConfigurations = (
				F575558122E74BF900BFB456 /* Debug */,
				F575558222E74BF900BFB456 /* Release */,
			);
			defaultConfigurationIsVisible = 0;
			defaultConfigurationName = Release;
		};
		F575558322E74BF900BFB456 /* Build configuration list for PBXNativeTarget "FoodTrackerTests" */ = {
			isa = XCConfigurationList;
			buildConfigurations = (
				F575558422E74BF900BFB456 /* Debug */,
				F575558522E74BF900BFB456 /* Release */,
			);
			defaultConfigurationIsVisible = 0;
			defaultConfigurationName = Release;
		};
		F575558622E74BF900BFB456 /* Build configuration list for PBXNativeTarget "FoodTrackerUITests" */ = {
			isa = XCConfigurationList;
			buildConfigurations = (
				F575558722E74BF900BFB456 /* Debug */,
				F575558822E74BF900BFB456 /* Release */,
			);
			defaultConfigurationIsVisible = 0;
			defaultConfigurationName = Release;
		};
/* End XCConfigurationList section */
	};
	rootObject = F575555022E74BF700BFB456 /* Project object */;
}
